// !$*UTF8*$!
{
	archiveVersion = 1;
	classes = {
	};
	objectVersion = 56;
	objects = {

/* Begin PBXBuildFile section */
		7FF24ECF28DC7C8A0050A16C /* AppDelegate.swift in Sources */ = {isa = PBXBuildFile; fileRef = 7FF24ECE28DC7C8A0050A16C /* AppDelegate.swift */; };
		7FF24ED128DC7C8A0050A16C /* SceneDelegate.swift in Sources */ = {isa = PBXBuildFile; fileRef = 7FF24ED028DC7C8A0050A16C /* SceneDelegate.swift */; };
		7FF24ED328DC7C8A0050A16C /* ViewController.swift in Sources */ = {isa = PBXBuildFile; fileRef = 7FF24ED228DC7C8A0050A16C /* ViewController.swift */; };
		7FF24ED628DC7C8A0050A16C /* Main.storyboard in Resources */ = {isa = PBXBuildFile; fileRef = 7FF24ED428DC7C8A0050A16C /* Main.storyboard */; };
		7FF24ED828DC7C8C0050A16C /* Assets.xcassets in Resources */ = {isa = PBXBuildFile; fileRef = 7FF24ED728DC7C8C0050A16C /* Assets.xcassets */; };
		7FF24EDB28DC7C8C0050A16C /* LaunchScreen.storyboard in Resources */ = {isa = PBXBuildFile; fileRef = 7FF24ED928DC7C8C0050A16C /* LaunchScreen.storyboard */; };
		7FF24EE628DC7C8C0050A16C /* HackwichThreeTests.swift in Sources */ = {isa = PBXBuildFile; fileRef = 7FF24EE528DC7C8C0050A16C /* HackwichThreeTests.swift */; };
		7FF24EF028DC7C8C0050A16C /* HackwichThreeUITests.swift in Sources */ = {isa = PBXBuildFile; fileRef = 7FF24EEF28DC7C8C0050A16C /* HackwichThreeUITests.swift */; };
		7FF24EF228DC7C8C0050A16C /* HackwichThreeUITestsLaunchTests.swift in Sources */ = {isa = PBXBuildFile; fileRef = 7FF24EF128DC7C8C0050A16C /* HackwichThreeUITestsLaunchTests.swift */; };
/* End PBXBuildFile section */

/* Begin PBXContainerItemProxy section */
		7FF24EE228DC7C8C0050A16C /* PBXContainerItemProxy */ = {
			isa = PBXContainerItemProxy;
			containerPortal = 7FF24EC328DC7C8A0050A16C /* Project object */;
			proxyType = 1;
			remoteGlobalIDString = 7FF24ECA28DC7C8A0050A16C;
			remoteInfo = HackwichThree;
		};
		7FF24EEC28DC7C8C0050A16C /* PBXContainerItemProxy */ = {
			isa = PBXContainerItemProxy;
			containerPortal = 7FF24EC328DC7C8A0050A16C /* Project object */;
			proxyType = 1;
			remoteGlobalIDString = 7FF24ECA28DC7C8A0050A16C;
			remoteInfo = HackwichThree;
		};
/* End PBXContainerItemProxy section */

/* Begin PBXFileReference section */
		7FF24ECB28DC7C8A0050A16C /* HackwichThree.app */ = {isa = PBXFileReference; explicitFileType = wrapper.application; includeInIndex = 0; path = HackwichThree.app; sourceTree = BUILT_PRODUCTS_DIR; };
		7FF24ECE28DC7C8A0050A16C /* AppDelegate.swift */ = {isa = PBXFileReference; lastKnownFileType = sourcecode.swift; path = AppDelegate.swift; sourceTree = "<group>"; };
		7FF24ED028DC7C8A0050A16C /* SceneDelegate.swift */ = {isa = PBXFileReference; lastKnownFileType = sourcecode.swift; path = SceneDelegate.swift; sourceTree = "<group>"; };
		7FF24ED228DC7C8A0050A16C /* ViewController.swift */ = {isa = PBXFileReference; lastKnownFileType = sourcecode.swift; path = ViewController.swift; sourceTree = "<group>"; };
		7FF24ED528DC7C8A0050A16C /* Base */ = {isa = PBXFileReference; lastKnownFileType = file.storyboard; name = Base; path = Base.lproj/Main.storyboard; sourceTree = "<group>"; };
		7FF24ED728DC7C8C0050A16C /* Assets.xcassets */ = {isa = PBXFileReference; lastKnownFileType = folder.assetcatalog; path = Assets.xcassets; sourceTree = "<group>"; };
		7FF24EDA28DC7C8C0050A16C /* Base */ = {isa = PBXFileReference; lastKnownFileType = file.storyboard; name = Base; path = Base.lproj/LaunchScreen.storyboard; sourceTree = "<group>"; };
		7FF24EDC28DC7C8C0050A16C /* Info.plist */ = {isa = PBXFileReference; lastKnownFileType = text.plist.xml; path = Info.plist; sourceTree = "<group>"; };
		7FF24EE128DC7C8C0050A16C /* HackwichThreeTests.xctest */ = {isa = PBXFileReference; explicitFileType = wrapper.cfbundle; includeInIndex = 0; path = HackwichThreeTests.xctest; sourceTree = BUILT_PRODUCTS_DIR; };
		7FF24EE528DC7C8C0050A16C /* HackwichThreeTests.swift */ = {isa = PBXFileReference; lastKnownFileType = sourcecode.swift; path = HackwichThreeTests.swift; sourceTree = "<group>"; };
		7FF24EEB28DC7C8C0050A16C /* HackwichThreeUITests.xctest */ = {isa = PBXFileReference; explicitFileType = wrapper.cfbundle; includeInIndex = 0; path = HackwichThreeUITests.xctest; sourceTree = BUILT_PRODUCTS_DIR; };
		7FF24EEF28DC7C8C0050A16C /* HackwichThreeUITests.swift */ = {isa = PBXFileReference; lastKnownFileType = sourcecode.swift; path = HackwichThreeUITests.swift; sourceTree = "<group>"; };
		7FF24EF128DC7C8C0050A16C /* HackwichThreeUITestsLaunchTests.swift */ = {isa = PBXFileReference; lastKnownFileType = sourcecode.swift; path = HackwichThreeUITestsLaunchTests.swift; sourceTree = "<group>"; };
/* End PBXFileReference section */

/* Begin PBXFrameworksBuildPhase section */
		7FF24EC828DC7C8A0050A16C /* Frameworks */ = {
			isa = PBXFrameworksBuildPhase;
			buildActionMask = 2147483647;
			files = (
			);
			runOnlyForDeploymentPostprocessing = 0;
		};
		7FF24EDE28DC7C8C0050A16C /* Frameworks */ = {
			isa = PBXFrameworksBuildPhase;
			buildActionMask = 2147483647;
			files = (
			);
			runOnlyForDeploymentPostprocessing = 0;
		};
		7FF24EE828DC7C8C0050A16C /* Frameworks */ = {
			isa = PBXFrameworksBuildPhase;
			buildActionMask = 2147483647;
			files = (
			);
			runOnlyForDeploymentPostprocessing = 0;
		};
/* End PBXFrameworksBuildPhase section */

/* Begin PBXGroup section */
		7FF24EC228DC7C8A0050A16C = {
			isa = PBXGroup;
			children = (
				7FF24ECD28DC7C8A0050A16C /* HackwichThree */,
				7FF24EE428DC7C8C0050A16C /* HackwichThreeTests */,
				7FF24EEE28DC7C8C0050A16C /* HackwichThreeUITests */,
				7FF24ECC28DC7C8A0050A16C /* Products */,
			);
			sourceTree = "<group>";
		};
		7FF24ECC28DC7C8A0050A16C /* Products */ = {
			isa = PBXGroup;
			children = (
				7FF24ECB28DC7C8A0050A16C /* HackwichThree.app */,
				7FF24EE128DC7C8C0050A16C /* HackwichThreeTests.xctest */,
				7FF24EEB28DC7C8C0050A16C /* HackwichThreeUITests.xctest */,
			);
			name = Products;
			sourceTree = "<group>";
		};
		7FF24ECD28DC7C8A0050A16C /* HackwichThree */ = {
			isa = PBXGroup;
			children = (
				7FF24ECE28DC7C8A0050A16C /* AppDelegate.swift */,
				7FF24ED028DC7C8A0050A16C /* SceneDelegate.swift */,
				7FF24ED228DC7C8A0050A16C /* ViewController.swift */,
				7FF24ED428DC7C8A0050A16C /* Main.storyboard */,
				7FF24ED728DC7C8C0050A16C /* Assets.xcassets */,
				7FF24ED928DC7C8C0050A16C /* LaunchScreen.storyboard */,
				7FF24EDC28DC7C8C0050A16C /* Info.plist */,
			);
			path = HackwichThree;
			sourceTree = "<group>";
		};
		7FF24EE428DC7C8C0050A16C /* HackwichThreeTests */ = {
			isa = PBXGroup;
			children = (
				7FF24EE528DC7C8C0050A16C /* HackwichThreeTests.swift */,
			);
			path = HackwichThreeTests;
			sourceTree = "<group>";
		};
		7FF24EEE28DC7C8C0050A16C /* HackwichThreeUITests */ = {
			isa = PBXGroup;
			children = (
				7FF24EEF28DC7C8C0050A16C /* HackwichThreeUITests.swift */,
				7FF24EF128DC7C8C0050A16C /* HackwichThreeUITestsLaunchTests.swift */,
			);
			path = HackwichThreeUITests;
			sourceTree = "<group>";
		};
/* End PBXGroup section */

/* Begin PBXNativeTarget section */
		7FF24ECA28DC7C8A0050A16C /* HackwichThree */ = {
			isa = PBXNativeTarget;
			buildConfigurationList = 7FF24EF528DC7C8C0050A16C /* Build configuration list for PBXNativeTarget "HackwichThree" */;
			buildPhases = (
				7FF24EC728DC7C8A0050A16C /* Sources */,
				7FF24EC828DC7C8A0050A16C /* Frameworks */,
				7FF24EC928DC7C8A0050A16C /* Resources */,
			);
			buildRules = (
			);
			dependencies = (
			);
			name = HackwichThree;
			productName = HackwichThree;
			productReference = 7FF24ECB28DC7C8A0050A16C /* HackwichThree.app */;
			productType = "com.apple.product-type.application";
		};
		7FF24EE028DC7C8C0050A16C /* HackwichThreeTests */ = {
			isa = PBXNativeTarget;
			buildConfigurationList = 7FF24EF828DC7C8C0050A16C /* Build configuration list for PBXNativeTarget "HackwichThreeTests" */;
			buildPhases = (
				7FF24EDD28DC7C8C0050A16C /* Sources */,
				7FF24EDE28DC7C8C0050A16C /* Frameworks */,
				7FF24EDF28DC7C8C0050A16C /* Resources */,
			);
			buildRules = (
			);
			dependencies = (
				7FF24EE328DC7C8C0050A16C /* PBXTargetDependency */,
			);
			name = HackwichThreeTests;
			productName = HackwichThreeTests;
			productReference = 7FF24EE128DC7C8C0050A16C /* HackwichThreeTests.xctest */;
			productType = "com.apple.product-type.bundle.unit-test";
		};
		7FF24EEA28DC7C8C0050A16C /* HackwichThreeUITests */ = {
			isa = PBXNativeTarget;
			buildConfigurationList = 7FF24EFB28DC7C8C0050A16C /* Build configuration list for PBXNativeTarget "HackwichThreeUITests" */;
			buildPhases = (
				7FF24EE728DC7C8C0050A16C /* Sources */,
				7FF24EE828DC7C8C0050A16C /* Frameworks */,
				7FF24EE928DC7C8C0050A16C /* Resources */,
			);
			buildRules = (
			);
			dependencies = (
				7FF24EED28DC7C8C0050A16C /* PBXTargetDependency */,
			);
			name = HackwichThreeUITests;
			productName = HackwichThreeUITests;
			productReference = 7FF24EEB28DC7C8C0050A16C /* HackwichThreeUITests.xctest */;
			productType = "com.apple.product-type.bundle.ui-testing";
		};
/* End PBXNativeTarget section */

/* Begin PBXProject section */
		7FF24EC328DC7C8A0050A16C /* Project object */ = {
			isa = PBXProject;
			attributes = {
				BuildIndependentTargetsInParallel = 1;
				LastSwiftUpdateCheck = 1400;
				LastUpgradeCheck = 1400;
				TargetAttributes = {
					7FF24ECA28DC7C8A0050A16C = {
						CreatedOnToolsVersion = 14.0;
					};
					7FF24EE028DC7C8C0050A16C = {
						CreatedOnToolsVersion = 14.0;
						TestTargetID = 7FF24ECA28DC7C8A0050A16C;
					};
					7FF24EEA28DC7C8C0050A16C = {
						CreatedOnToolsVersion = 14.0;
						TestTargetID = 7FF24ECA28DC7C8A0050A16C;
					};
				};
			};
			buildConfigurationList = 7FF24EC628DC7C8A0050A16C /* Build configuration list for PBXProject "HackwichThree" */;
			compatibilityVersion = "Xcode 14.0";
			developmentRegion = en;
			hasScannedForEncodings = 0;
			knownRegions = (
				en,
				Base,
			);
			mainGroup = 7FF24EC228DC7C8A0050A16C;
			productRefGroup = 7FF24ECC28DC7C8A0050A16C /* Products */;
			projectDirPath = "";
			projectRoot = "";
			targets = (
				7FF24ECA28DC7C8A0050A16C /* HackwichThree */,
				7FF24EE028DC7C8C0050A16C /* HackwichThreeTests */,
				7FF24EEA28DC7C8C0050A16C /* HackwichThreeUITests */,
			);
		};
/* End PBXProject section */

/* Begin PBXResourcesBuildPhase section */
		7FF24EC928DC7C8A0050A16C /* Resources */ = {
			isa = PBXResourcesBuildPhase;
			buildActionMask = 2147483647;
			files = (
				7FF24EDB28DC7C8C0050A16C /* LaunchScreen.storyboard in Resources */,
				7FF24ED828DC7C8C0050A16C /* Assets.xcassets in Resources */,
				7FF24ED628DC7C8A0050A16C /* Main.storyboard in Resources */,
			);
			runOnlyForDeploymentPostprocessing = 0;
		};
		7FF24EDF28DC7C8C0050A16C /* Resources */ = {
			isa = PBXResourcesBuildPhase;
			buildActionMask = 2147483647;
			files = (
			);
			runOnlyForDeploymentPostprocessing = 0;
		};
		7FF24EE928DC7C8C0050A16C /* Resources */ = {
			isa = PBXResourcesBuildPhase;
			buildActionMask = 2147483647;
			files = (
			);
			runOnlyForDeploymentPostprocessing = 0;
		};
/* End PBXResourcesBuildPhase section */

/* Begin PBXSourcesBuildPhase section */
		7FF24EC728DC7C8A0050A16C /* Sources */ = {
			isa = PBXSourcesBuildPhase;
			buildActionMask = 2147483647;
			files = (
				7FF24ED328DC7C8A0050A16C /* ViewController.swift in Sources */,
				7FF24ECF28DC7C8A0050A16C /* AppDelegate.swift in Sources */,
				7FF24ED128DC7C8A0050A16C /* SceneDelegate.swift in Sources */,
			);
			runOnlyForDeploymentPostprocessing = 0;
		};
		7FF24EDD28DC7C8C0050A16C /* Sources */ = {
			isa = PBXSourcesBuildPhase;
			buildActionMask = 2147483647;
			files = (
				7FF24EE628DC7C8C0050A16C /* HackwichThreeTests.swift in Sources */,
			);
			runOnlyForDeploymentPostprocessing = 0;
		};
		7FF24EE728DC7C8C0050A16C /* Sources */ = {
			isa = PBXSourcesBuildPhase;
			buildActionMask = 2147483647;
			files = (
				7FF24EF028DC7C8C0050A16C /* HackwichThreeUITests.swift in Sources */,
				7FF24EF228DC7C8C0050A16C /* HackwichThreeUITestsLaunchTests.swift in Sources */,
			);
			runOnlyForDeploymentPostprocessing = 0;
		};
/* End PBXSourcesBuildPhase section */

/* Begin PBXTargetDependency section */
		7FF24EE328DC7C8C0050A16C /* PBXTargetDependency */ = {
			isa = PBXTargetDependency;
			target = 7FF24ECA28DC7C8A0050A16C /* HackwichThree */;
			targetProxy = 7FF24EE228DC7C8C0050A16C /* PBXContainerItemProxy */;
		};
		7FF24EED28DC7C8C0050A16C /* PBXTargetDependency */ = {
			isa = PBXTargetDependency;
			target = 7FF24ECA28DC7C8A0050A16C /* HackwichThree */;
			targetProxy = 7FF24EEC28DC7C8C0050A16C /* PBXContainerItemProxy */;
		};
/* End PBXTargetDependency section */

/* Begin PBXVariantGroup section */
		7FF24ED428DC7C8A0050A16C /* Main.storyboard */ = {
			isa = PBXVariantGroup;
			children = (
				7FF24ED528DC7C8A0050A16C /* Base */,
			);
			name = Main.storyboard;
			sourceTree = "<group>";
		};
		7FF24ED928DC7C8C0050A16C /* LaunchScreen.storyboard */ = {
			isa = PBXVariantGroup;
			children = (
				7FF24EDA28DC7C8C0050A16C /* Base */,
			);
			name = LaunchScreen.storyboard;
			sourceTree = "<group>";
		};
/* End PBXVariantGroup section */

/* Begin XCBuildConfiguration section */
		7FF24EF328DC7C8C0050A16C /* Debug */ = {
			isa = XCBuildConfiguration;
			buildSettings = {
				ALWAYS_SEARCH_USER_PATHS = NO;
				CLANG_ANALYZER_NONNULL = YES;
				CLANG_ANALYZER_NUMBER_OBJECT_CONVERSION = YES_AGGRESSIVE;
				CLANG_CXX_LANGUAGE_STANDARD = "gnu++20";
				CLANG_ENABLE_MODULES = YES;
				CLANG_ENABLE_OBJC_ARC = YES;
				CLANG_ENABLE_OBJC_WEAK = YES;
				CLANG_WARN_BLOCK_CAPTURE_AUTORELEASING = YES;
				CLANG_WARN_BOOL_CONVERSION = YES;
				CLANG_WARN_COMMA = YES;
				CLANG_WARN_CONSTANT_CONVERSION = YES;
				CLANG_WARN_DEPRECATED_OBJC_IMPLEMENTATIONS = YES;
				CLANG_WARN_DIRECT_OBJC_ISA_USAGE = YES_ERROR;
				CLANG_WARN_DOCUMENTATION_COMMENTS = YES;
				CLANG_WARN_EMPTY_BODY = YES;
				CLANG_WARN_ENUM_CONVERSION = YES;
				CLANG_WARN_INFINITE_RECURSION = YES;
				CLANG_WARN_INT_CONVERSION = YES;
				CLANG_WARN_NON_LITERAL_NULL_CONVERSION = YES;
				CLANG_WARN_OBJC_IMPLICIT_RETAIN_SELF = YES;
				CLANG_WARN_OBJC_LITERAL_CONVERSION = YES;
				CLANG_WARN_OBJC_ROOT_CLASS = YES_ERROR;
				CLANG_WARN_QUOTED_INCLUDE_IN_FRAMEWORK_HEADER = YES;
				CLANG_WARN_RANGE_LOOP_ANALYSIS = YES;
				CLANG_WARN_STRICT_PROTOTYPES = YES;
				CLANG_WARN_SUSPICIOUS_MOVE = YES;
				CLANG_WARN_UNGUARDED_AVAILABILITY = YES_AGGRESSIVE;
				CLANG_WARN_UNREACHABLE_CODE = YES;
				CLANG_WARN__DUPLICATE_METHOD_MATCH = YES;
				COPY_PHASE_STRIP = NO;
				DEBUG_INFORMATION_FORMAT = dwarf;
				ENABLE_STRICT_OBJC_MSGSEND = YES;
				ENABLE_TESTABILITY = YES;
				GCC_C_LANGUAGE_STANDARD = gnu11;
				GCC_DYNAMIC_NO_PIC = NO;
				GCC_NO_COMMON_BLOCKS = YES;
				GCC_OPTIMIZATION_LEVEL = 0;
				GCC_PREPROCESSOR_DEFINITIONS = (
					"DEBUG=1",
					"$(inherited)",
				);
				GCC_WARN_64_TO_32_BIT_CONVERSION = YES;
				GCC_WARN_ABOUT_RETURN_TYPE = YES_ERROR;
				GCC_WARN_UNDECLARED_SELECTOR = YES;
				GCC_WARN_UNINITIALIZED_AUTOS = YES_AGGRESSIVE;
				GCC_WARN_UNUSED_FUNCTION = YES;
				GCC_WARN_UNUSED_VARIABLE = YES;
				IPHONEOS_DEPLOYMENT_TARGET = 16.0;
				MTL_ENABLE_DEBUG_INFO = INCLUDE_SOURCE;
				MTL_FAST_MATH = YES;
				ONLY_ACTIVE_ARCH = YES;
				SDKROOT = iphoneos;
				SWIFT_ACTIVE_COMPILATION_CONDITIONS = DEBUG;
				SWIFT_OPTIMIZATION_LEVEL = "-Onone";
			};
			name = Debug;
		};
		7FF24EF428DC7C8C0050A16C /* Release */ = {
			isa = XCBuildConfiguration;
			buildSettings = {
				ALWAYS_SEARCH_USER_PATHS = NO;
				CLANG_ANALYZER_NONNULL = YES;
				CLANG_ANALYZER_NUMBER_OBJECT_CONVERSION = YES_AGGRESSIVE;
				CLANG_CXX_LANGUAGE_STANDARD = "gnu++20";
				CLANG_ENABLE_MODULES = YES;
				CLANG_ENABLE_OBJC_ARC = YES;
				CLANG_ENABLE_OBJC_WEAK = YES;
				CLANG_WARN_BLOCK_CAPTURE_AUTORELEASING = YES;
				CLANG_WARN_BOOL_CONVERSION = YES;
				CLANG_WARN_COMMA = YES;
				CLANG_WARN_CONSTANT_CONVERSION = YES;
				CLANG_WARN_DEPRECATED_OBJC_IMPLEMENTATIONS = YES;
				CLANG_WARN_DIRECT_OBJC_ISA_USAGE = YES_ERROR;
				CLANG_WARN_DOCUMENTATION_COMMENTS = YES;
				CLANG_WARN_EMPTY_BODY = YES;
				CLANG_WARN_ENUM_CONVERSION = YES;
				CLANG_WARN_INFINITE_RECURSION = YES;
				CLANG_WARN_INT_CONVERSION = YES;
				CLANG_WARN_NON_LITERAL_NULL_CONVERSION = YES;
				CLANG_WARN_OBJC_IMPLICIT_RETAIN_SELF = YES;
				CLANG_WARN_OBJC_LITERAL_CONVERSION = YES;
				CLANG_WARN_OBJC_ROOT_CLASS = YES_ERROR;
				CLANG_WARN_QUOTED_INCLUDE_IN_FRAMEWORK_HEADER = YES;
				CLANG_WARN_RANGE_LOOP_ANALYSIS = YES;
				CLANG_WARN_STRICT_PROTOTYPES = YES;
				CLANG_WARN_SUSPICIOUS_MOVE = YES;
				CLANG_WARN_UNGUARDED_AVAILABILITY = YES_AGGRESSIVE;
				CLANG_WARN_UNREACHABLE_CODE = YES;
				CLANG_WARN__DUPLICATE_METHOD_MATCH = YES;
				COPY_PHASE_STRIP = NO;
				DEBUG_INFORMATION_FORMAT = "dwarf-with-dsym";
				ENABLE_NS_ASSERTIONS = NO;
				ENABLE_STRICT_OBJC_MSGSEND = YES;
				GCC_C_LANGUAGE_STANDARD = gnu11;
				GCC_NO_COMMON_BLOCKS = YES;
				GCC_WARN_64_TO_32_BIT_CONVERSION = YES;
				GCC_WARN_ABOUT_RETURN_TYPE = YES_ERROR;
				GCC_WARN_UNDECLARED_SELECTOR = YES;
				GCC_WARN_UNINITIALIZED_AUTOS = YES_AGGRESSIVE;
				GCC_WARN_UNUSED_FUNCTION = YES;
				GCC_WARN_UNUSED_VARIABLE = YES;
				IPHONEOS_DEPLOYMENT_TARGET = 16.0;
				MTL_ENABLE_DEBUG_INFO = NO;
				MTL_FAST_MATH = YES;
				SDKROOT = iphoneos;
				SWIFT_COMPILATION_MODE = wholemodule;
				SWIFT_OPTIMIZATION_LEVEL = "-O";
				VALIDATE_PRODUCT = YES;
			};
			name = Release;
		};
		7FF24EF628DC7C8C0050A16C /* Debug */ = {
			isa = XCBuildConfiguration;
			buildSettings = {
				ASSETCATALOG_COMPILER_APPICON_NAME = AppIcon;
				ASSETCATALOG_COMPILER_GLOBAL_ACCENT_COLOR_NAME = AccentColor;
				CODE_SIGN_STYLE = Automatic;
				CURRENT_PROJECT_VERSION = 1;
				DEVELOPMENT_TEAM = VPYNKX63VC;
				GENERATE_INFOPLIST_FILE = YES;
				INFOPLIST_FILE = HackwichThree/Info.plist;
				INFOPLIST_KEY_UIApplicationSupportsIndirectInputEvents = YES;
				INFOPLIST_KEY_UILaunchStoryboardName = LaunchScreen;
				INFOPLIST_KEY_UIMainStoryboardFile = Main;
				INFOPLIST_KEY_UISupportedInterfaceOrientations_iPad = "UIInterfaceOrientationPortrait UIInterfaceOrientationPortraitUpsideDown UIInterfaceOrientationLandscapeLeft UIInterfaceOrientationLandscapeRight";
				INFOPLIST_KEY_UISupportedInterfaceOrientations_iPhone = "UIInterfaceOrientationPortrait UIInterfaceOrientationLandscapeLeft UIInterfaceOrientationLandscapeRight";
				LD_RUNPATH_SEARCH_PATHS = (
					"$(inherited)",
					"@executable_path/Frameworks",
				);
				MARKETING_VERSION = 1.0;
				PRODUCT_BUNDLE_IDENTIFIER = UHWO.HackwichThree;
				PRODUCT_NAME = "$(TARGET_NAME)";
				SWIFT_EMIT_LOC_STRINGS = YES;
				SWIFT_VERSION = 5.0;
				TARGETED_DEVICE_FAMILY = "1,2";
			};
			name = Debug;
		};
		7FF24EF728DC7C8C0050A16C /* Release */ = {
			isa = XCBuildConfiguration;
			buildSettings = {
				ASSETCATALOG_COMPILER_APPICON_NAME = AppIcon;
				ASSETCATALOG_COMPILER_GLOBAL_ACCENT_COLOR_NAME = AccentColor;
				CODE_SIGN_STYLE = Automatic;
				CURRENT_PROJECT_VERSION = 1;
				DEVELOPMENT_TEAM = VPYNKX63VC;
				GENERATE_INFOPLIST_FILE = YES;
				INFOPLIST_FILE = HackwichThree/Info.plist;
				INFOPLIST_KEY_UIApplicationSupportsIndirectInputEvents = YES;
				INFOPLIST_KEY_UILaunchStoryboardName = LaunchScreen;
				INFOPLIST_KEY_UIMainStoryboardFile = Main;
				INFOPLIST_KEY_UISupportedInterfaceOrientations_iPad = "UIInterfaceOrientationPortrait UIInterfaceOrientationPortraitUpsideDown UIInterfaceOrientationLandscapeLeft UIInterfaceOrientationLandscapeRight";
				INFOPLIST_KEY_UISupportedInterfaceOrientations_iPhone = "UIInterfaceOrientationPortrait UIInterfaceOrientationLandscapeLeft UIInterfaceOrientationLandscapeRight";
				LD_RUNPATH_SEARCH_PATHS = (
					"$(inherited)",
					"@executable_path/Frameworks",
				);
				MARKETING_VERSION = 1.0;
				PRODUCT_BUNDLE_IDENTIFIER = UHWO.HackwichThree;
				PRODUCT_NAME = "$(TARGET_NAME)";
				SWIFT_EMIT_LOC_STRINGS = YES;
				SWIFT_VERSION = 5.0;
				TARGETED_DEVICE_FAMILY = "1,2";
			};
			name = Release;
		};
		7FF24EF928DC7C8C0050A16C /* Debug */ = {
			isa = XCBuildConfiguration;
			buildSettings = {
				ALWAYS_EMBED_SWIFT_STANDARD_LIBRARIES = YES;
				BUNDLE_LOADER = "$(TEST_HOST)";
				CODE_SIGN_STYLE = Automatic;
				CURRENT_PROJECT_VERSION = 1;
				DEVELOPMENT_TEAM = VPYNKX63VC;
				GENERATE_INFOPLIST_FILE = YES;
				IPHONEOS_DEPLOYMENT_TARGET = 16.0;
				MARKETING_VERSION = 1.0;
				PRODUCT_BUNDLE_IDENTIFIER = UHWO.HackwichThreeTests;
				PRODUCT_NAME = "$(TARGET_NAME)";
				SWIFT_EMIT_LOC_STRINGS = NO;
				SWIFT_VERSION = 5.0;
				TARGETED_DEVICE_FAMILY = "1,2";
				TEST_HOST = "$(BUILT_PRODUCTS_DIR)/HackwichThree.app/$(BUNDLE_EXECUTABLE_FOLDER_PATH)/HackwichThree";
			};
			name = Debug;
		};
		7FF24EFA28DC7C8C0050A16C /* Release */ = {
			isa = XCBuildConfiguration;
			buildSettings = {
				ALWAYS_EMBED_SWIFT_STANDARD_LIBRARIES = YES;
				BUNDLE_LOADER = "$(TEST_HOST)";
				CODE_SIGN_STYLE = Automatic;
				CURRENT_PROJECT_VERSION = 1;
				DEVELOPMENT_TEAM = VPYNKX63VC;
				GENERATE_INFOPLIST_FILE = YES;
				IPHONEOS_DEPLOYMENT_TARGET = 16.0;
				MARKETING_VERSION = 1.0;
				PRODUCT_BUNDLE_IDENTIFIER = UHWO.HackwichThreeTests;
				PRODUCT_NAME = "$(TARGET_NAME)";
				SWIFT_EMIT_LOC_STRINGS = NO;
				SWIFT_VERSION = 5.0;
				TARGETED_DEVICE_FAMILY = "1,2";
				TEST_HOST = "$(BUILT_PRODUCTS_DIR)/HackwichThree.app/$(BUNDLE_EXECUTABLE_FOLDER_PATH)/HackwichThree";
			};
			name = Release;
		};
		7FF24EFC28DC7C8C0050A16C /* Debug */ = {
			isa = XCBuildConfiguration;
			buildSettings = {
				ALWAYS_EMBED_SWIFT_STANDARD_LIBRARIES = YES;
				CODE_SIGN_STYLE = Automatic;
				CURRENT_PROJECT_VERSION = 1;
				DEVELOPMENT_TEAM = VPYNKX63VC;
				GENERATE_INFOPLIST_FILE = YES;
				MARKETING_VERSION = 1.0;
				PRODUCT_BUNDLE_IDENTIFIER = UHWO.HackwichThreeUITests;
				PRODUCT_NAME = "$(TARGET_NAME)";
				SWIFT_EMIT_LOC_STRINGS = NO;
				SWIFT_VERSION = 5.0;
				TARGETED_DEVICE_FAMILY = "1,2";
				TEST_TARGET_NAME = HackwichThree;
			};
			name = Debug;
		};
		7FF24EFD28DC7C8C0050A16C /* Release */ = {
			isa = XCBuildConfiguration;
			buildSettings = {
				ALWAYS_EMBED_SWIFT_STANDARD_LIBRARIES = YES;
				CODE_SIGN_STYLE = Automatic;
				CURRENT_PROJECT_VERSION = 1;
				DEVELOPMENT_TEAM = VPYNKX63VC;
				GENERATE_INFOPLIST_FILE = YES;
				MARKETING_VERSION = 1.0;
				PRODUCT_BUNDLE_IDENTIFIER = UHWO.HackwichThreeUITests;
				PRODUCT_NAME = "$(TARGET_NAME)";
				SWIFT_EMIT_LOC_STRINGS = NO;
				SWIFT_VERSION = 5.0;
				TARGETED_DEVICE_FAMILY = "1,2";
				TEST_TARGET_NAME = HackwichThree;
			};
			name = Release;
		};
/* End XCBuildConfiguration section */

/* Begin XCConfigurationList section */
		7FF24EC628DC7C8A0050A16C /* Build configuration list for PBXProject "HackwichThree" */ = {
			isa = XCConfigurationList;
			buildConfigurations = (
				7FF24EF328DC7C8C0050A16C /* Debug */,
				7FF24EF428DC7C8C0050A16C /* Release */,
			);
			defaultConfigurationIsVisible = 0;
			defaultConfigurationName = Release;
		};
		7FF24EF528DC7C8C0050A16C /* Build configuration list for PBXNativeTarget "HackwichThree" */ = {
			isa = XCConfigurationList;
			buildConfigurations = (
				7FF24EF628DC7C8C0050A16C /* Debug */,
				7FF24EF728DC7C8C0050A16C /* Release */,
			);
			defaultConfigurationIsVisible = 0;
			defaultConfigurationName = Release;
		};
		7FF24EF828DC7C8C0050A16C /* Build configuration list for PBXNativeTarget "HackwichThreeTests" */ = {
			isa = XCConfigurationList;
			buildConfigurations = (
				7FF24EF928DC7C8C0050A16C /* Debug */,
				7FF24EFA28DC7C8C0050A16C /* Release */,
			);
			defaultConfigurationIsVisible = 0;
			defaultConfigurationName = Release;
		};
		7FF24EFB28DC7C8C0050A16C /* Build configuration list for PBXNativeTarget "HackwichThreeUITests" */ = {
			isa = XCConfigurationList;
			buildConfigurations = (
				7FF24EFC28DC7C8C0050A16C /* Debug */,
				7FF24EFD28DC7C8C0050A16C /* Release */,
			);
			defaultConfigurationIsVisible = 0;
			defaultConfigurationName = Release;
		};
/* End XCConfigurationList section */
	};
	rootObject = 7FF24EC328DC7C8A0050A16C /* Project object */;
}
